// !$*UTF8*$!
{
	archiveVersion = 1;
	classes = {
	};
	objectVersion = 50;
	objects = {

/* Begin PBXBuildFile section */
		740D12352705D332000B814C /* CurrentWeather.swift in Sources */ = {isa = PBXBuildFile; fileRef = 740D12342705D332000B814C /* CurrentWeather.swift */; };
		740D12372705D94B000B814C /* FiveDaysWeather.swift in Sources */ = {isa = PBXBuildFile; fileRef = 740D12362705D94B000B814C /* FiveDaysWeather.swift */; };
		740D12392705F305000B814C /* WeatherAPI.swift in Sources */ = {isa = PBXBuildFile; fileRef = 740D12382705F305000B814C /* WeatherAPI.swift */; };
		7434B728271926020015C5AB /* WeatherTableViewModel.swift in Sources */ = {isa = PBXBuildFile; fileRef = 7434B727271926020015C5AB /* WeatherTableViewModel.swift */; };
		7434B72A271926960015C5AB /* Extension + String.swift in Sources */ = {isa = PBXBuildFile; fileRef = 7434B729271926960015C5AB /* Extension + String.swift */; };
		7434B72C27195DEB0015C5AB /* WeatherNetworkManager.swift in Sources */ = {isa = PBXBuildFile; fileRef = 7434B72B27195DEB0015C5AB /* WeatherNetworkManager.swift */; };
		7434B72E271AA7430015C5AB /* WeatherImageCache.swift in Sources */ = {isa = PBXBuildFile; fileRef = 7434B72D271AA7430015C5AB /* WeatherImageCache.swift */; };
		7467F48B2714668400A0F2A3 /* WeatherHeaderView.swift in Sources */ = {isa = PBXBuildFile; fileRef = 7467F48A2714668400A0F2A3 /* WeatherHeaderView.swift */; };
		7467F4CF271558F800A0F2A3 /* WeatherService.swift in Sources */ = {isa = PBXBuildFile; fileRef = 7467F4CE271558F800A0F2A3 /* WeatherService.swift */; };
		749C2E5E2713E03600BD2EEB /* Extension + UIAlertController.swift in Sources */ = {isa = PBXBuildFile; fileRef = 749C2E5D2713E03600BD2EEB /* Extension + UIAlertController.swift */; };
		74E70976271BDB6C00DB0881 /* ViewModel.swift in Sources */ = {isa = PBXBuildFile; fileRef = 74E70975271BDB6C00DB0881 /* ViewModel.swift */; };
		74F2009E2714579A00ECDC94 /* WeatherTableViewCell.swift in Sources */ = {isa = PBXBuildFile; fileRef = 74F2009D2714579A00ECDC94 /* WeatherTableViewCell.swift */; };
		893F9AA7270EFF86004D4125 /* LocationManager.swift in Sources */ = {isa = PBXBuildFile; fileRef = 893F9AA6270EFF86004D4125 /* LocationManager.swift */; };
		89970795270B1887006DE539 /* Extension + URL.swift in Sources */ = {isa = PBXBuildFile; fileRef = 89970794270B1887006DE539 /* Extension + URL.swift */; };
		89970798270B18F5006DE539 /* API.swift in Sources */ = {isa = PBXBuildFile; fileRef = 89970797270B18F5006DE539 /* API.swift */; };
		8997079A270B18FF006DE539 /* Query.swift in Sources */ = {isa = PBXBuildFile; fileRef = 89970799270B18FF006DE539 /* Query.swift */; };
		89E250742705DD080076778E /* NetworkManager.swift in Sources */ = {isa = PBXBuildFile; fileRef = 89E250732705DD080076778E /* NetworkManager.swift */; };
		B271D495710C5FD38FBA1B73 /* Pods_WeatherForecast.framework in Frameworks */ = {isa = PBXBuildFile; fileRef = 19CECD4FD4CFB076B2EC840B /* Pods_WeatherForecast.framework */; };
		C79C8CF425ADDDF200EEE3F1 /* AppDelegate.swift in Sources */ = {isa = PBXBuildFile; fileRef = C79C8CF325ADDDF200EEE3F1 /* AppDelegate.swift */; };
		C79C8CF625ADDDF200EEE3F1 /* SceneDelegate.swift in Sources */ = {isa = PBXBuildFile; fileRef = C79C8CF525ADDDF200EEE3F1 /* SceneDelegate.swift */; };
		C79C8CF825ADDDF200EEE3F1 /* WeatherViewController.swift in Sources */ = {isa = PBXBuildFile; fileRef = C79C8CF725ADDDF200EEE3F1 /* WeatherViewController.swift */; };
		C79C8CFB25ADDDF200EEE3F1 /* Main.storyboard in Resources */ = {isa = PBXBuildFile; fileRef = C79C8CF925ADDDF200EEE3F1 /* Main.storyboard */; };
		C79C8CFD25ADDDF300EEE3F1 /* Assets.xcassets in Resources */ = {isa = PBXBuildFile; fileRef = C79C8CFC25ADDDF300EEE3F1 /* Assets.xcassets */; };
		C79C8D0025ADDDF300EEE3F1 /* LaunchScreen.storyboard in Resources */ = {isa = PBXBuildFile; fileRef = C79C8CFE25ADDDF300EEE3F1 /* LaunchScreen.storyboard */; };
		C79C8D0B25ADDDF400EEE3F1 /* WeatherForecastTests.swift in Sources */ = {isa = PBXBuildFile; fileRef = C79C8D0A25ADDDF400EEE3F1 /* WeatherForecastTests.swift */; };
		C79C8D1625ADDDF400EEE3F1 /* WeatherForecastUITests.swift in Sources */ = {isa = PBXBuildFile; fileRef = C79C8D1525ADDDF400EEE3F1 /* WeatherForecastUITests.swift */; };
		DFF20057ECBA5BCB9966BC7F /* Pods_WeatherForecastTests.framework in Frameworks */ = {isa = PBXBuildFile; fileRef = 01980B825422C1C8C9009993 /* Pods_WeatherForecastTests.framework */; };
		F706AB2A7A9EAC2EBB7CE7F1 /* Pods_WeatherForecast_WeatherForecastUITests.framework in Frameworks */ = {isa = PBXBuildFile; fileRef = C94269228F1037BB51A0EAD3 /* Pods_WeatherForecast_WeatherForecastUITests.framework */; };
/* End PBXBuildFile section */

/* Begin PBXContainerItemProxy section */
		C79C8D0725ADDDF400EEE3F1 /* PBXContainerItemProxy */ = {
			isa = PBXContainerItemProxy;
			containerPortal = C79C8CE825ADDDF200EEE3F1 /* Project object */;
			proxyType = 1;
			remoteGlobalIDString = C79C8CEF25ADDDF200EEE3F1;
			remoteInfo = WeatherForecast;
		};
		C79C8D1225ADDDF400EEE3F1 /* PBXContainerItemProxy */ = {
			isa = PBXContainerItemProxy;
			containerPortal = C79C8CE825ADDDF200EEE3F1 /* Project object */;
			proxyType = 1;
			remoteGlobalIDString = C79C8CEF25ADDDF200EEE3F1;
			remoteInfo = WeatherForecast;
		};
/* End PBXContainerItemProxy section */

/* Begin PBXFileReference section */
		01980B825422C1C8C9009993 /* Pods_WeatherForecastTests.framework */ = {isa = PBXFileReference; explicitFileType = wrapper.framework; includeInIndex = 0; path = Pods_WeatherForecastTests.framework; sourceTree = BUILT_PRODUCTS_DIR; };
		19CECD4FD4CFB076B2EC840B /* Pods_WeatherForecast.framework */ = {isa = PBXFileReference; explicitFileType = wrapper.framework; includeInIndex = 0; path = Pods_WeatherForecast.framework; sourceTree = BUILT_PRODUCTS_DIR; };
		3CFF2764081192C64F3CF3C8 /* Pods-WeatherForecastTests.release.xcconfig */ = {isa = PBXFileReference; includeInIndex = 1; lastKnownFileType = text.xcconfig; name = "Pods-WeatherForecastTests.release.xcconfig"; path = "Target Support Files/Pods-WeatherForecastTests/Pods-WeatherForecastTests.release.xcconfig"; sourceTree = "<group>"; };
		4560E074546CCD200171A5CE /* Pods-WeatherForecast-WeatherForecastUITests.release.xcconfig */ = {isa = PBXFileReference; includeInIndex = 1; lastKnownFileType = text.xcconfig; name = "Pods-WeatherForecast-WeatherForecastUITests.release.xcconfig"; path = "Target Support Files/Pods-WeatherForecast-WeatherForecastUITests/Pods-WeatherForecast-WeatherForecastUITests.release.xcconfig"; sourceTree = "<group>"; };
		740D12342705D332000B814C /* CurrentWeather.swift */ = {isa = PBXFileReference; lastKnownFileType = sourcecode.swift; path = CurrentWeather.swift; sourceTree = "<group>"; };
		740D12362705D94B000B814C /* FiveDaysWeather.swift */ = {isa = PBXFileReference; lastKnownFileType = sourcecode.swift; path = FiveDaysWeather.swift; sourceTree = "<group>"; };
		740D12382705F305000B814C /* WeatherAPI.swift */ = {isa = PBXFileReference; lastKnownFileType = sourcecode.swift; path = WeatherAPI.swift; sourceTree = "<group>"; };
		7434B727271926020015C5AB /* WeatherTableViewModel.swift */ = {isa = PBXFileReference; lastKnownFileType = sourcecode.swift; path = WeatherTableViewModel.swift; sourceTree = "<group>"; };
		7434B729271926960015C5AB /* Extension + String.swift */ = {isa = PBXFileReference; lastKnownFileType = sourcecode.swift; path = "Extension + String.swift"; sourceTree = "<group>"; };
		7434B72B27195DEB0015C5AB /* WeatherNetworkManager.swift */ = {isa = PBXFileReference; lastKnownFileType = sourcecode.swift; path = WeatherNetworkManager.swift; sourceTree = "<group>"; };
		7434B72D271AA7430015C5AB /* WeatherImageCache.swift */ = {isa = PBXFileReference; lastKnownFileType = sourcecode.swift; path = WeatherImageCache.swift; sourceTree = "<group>"; };
		7467F48A2714668400A0F2A3 /* WeatherHeaderView.swift */ = {isa = PBXFileReference; lastKnownFileType = sourcecode.swift; path = WeatherHeaderView.swift; sourceTree = "<group>"; };
		7467F4CE271558F800A0F2A3 /* WeatherService.swift */ = {isa = PBXFileReference; lastKnownFileType = sourcecode.swift; path = WeatherService.swift; sourceTree = "<group>"; };
		749C2E5D2713E03600BD2EEB /* Extension + UIAlertController.swift */ = {isa = PBXFileReference; lastKnownFileType = sourcecode.swift; path = "Extension + UIAlertController.swift"; sourceTree = "<group>"; };
		74E70975271BDB6C00DB0881 /* ViewModel.swift */ = {isa = PBXFileReference; lastKnownFileType = sourcecode.swift; path = ViewModel.swift; sourceTree = "<group>"; };
		74F2009D2714579A00ECDC94 /* WeatherTableViewCell.swift */ = {isa = PBXFileReference; lastKnownFileType = sourcecode.swift; path = WeatherTableViewCell.swift; sourceTree = "<group>"; };
		7CA7B9E10F212EAA477BD7F7 /* Pods-WeatherForecast-WeatherForecastUITests.debug.xcconfig */ = {isa = PBXFileReference; includeInIndex = 1; lastKnownFileType = text.xcconfig; name = "Pods-WeatherForecast-WeatherForecastUITests.debug.xcconfig"; path = "Target Support Files/Pods-WeatherForecast-WeatherForecastUITests/Pods-WeatherForecast-WeatherForecastUITests.debug.xcconfig"; sourceTree = "<group>"; };
		893F9AA6270EFF86004D4125 /* LocationManager.swift */ = {isa = PBXFileReference; lastKnownFileType = sourcecode.swift; path = LocationManager.swift; sourceTree = "<group>"; };
		89970794270B1887006DE539 /* Extension + URL.swift */ = {isa = PBXFileReference; lastKnownFileType = sourcecode.swift; path = "Extension + URL.swift"; sourceTree = "<group>"; };
		89970797270B18F5006DE539 /* API.swift */ = {isa = PBXFileReference; lastKnownFileType = sourcecode.swift; path = API.swift; sourceTree = "<group>"; };
		89970799270B18FF006DE539 /* Query.swift */ = {isa = PBXFileReference; lastKnownFileType = sourcecode.swift; path = Query.swift; sourceTree = "<group>"; };
		89E250732705DD080076778E /* NetworkManager.swift */ = {isa = PBXFileReference; lastKnownFileType = sourcecode.swift; path = NetworkManager.swift; sourceTree = "<group>"; };
		C684B083391F4F1E1D0E3294 /* Pods-WeatherForecastTests.debug.xcconfig */ = {isa = PBXFileReference; includeInIndex = 1; lastKnownFileType = text.xcconfig; name = "Pods-WeatherForecastTests.debug.xcconfig"; path = "Target Support Files/Pods-WeatherForecastTests/Pods-WeatherForecastTests.debug.xcconfig"; sourceTree = "<group>"; };
		C79C8CF025ADDDF200EEE3F1 /* WeatherForecast.app */ = {isa = PBXFileReference; explicitFileType = wrapper.application; includeInIndex = 0; path = WeatherForecast.app; sourceTree = BUILT_PRODUCTS_DIR; };
		C79C8CF325ADDDF200EEE3F1 /* AppDelegate.swift */ = {isa = PBXFileReference; lastKnownFileType = sourcecode.swift; path = AppDelegate.swift; sourceTree = "<group>"; };
		C79C8CF525ADDDF200EEE3F1 /* SceneDelegate.swift */ = {isa = PBXFileReference; lastKnownFileType = sourcecode.swift; path = SceneDelegate.swift; sourceTree = "<group>"; };
		C79C8CF725ADDDF200EEE3F1 /* WeatherViewController.swift */ = {isa = PBXFileReference; lastKnownFileType = sourcecode.swift; path = WeatherViewController.swift; sourceTree = "<group>"; };
		C79C8CFA25ADDDF200EEE3F1 /* Base */ = {isa = PBXFileReference; lastKnownFileType = file.storyboard; name = Base; path = Base.lproj/Main.storyboard; sourceTree = "<group>"; };
		C79C8CFC25ADDDF300EEE3F1 /* Assets.xcassets */ = {isa = PBXFileReference; lastKnownFileType = folder.assetcatalog; path = Assets.xcassets; sourceTree = "<group>"; };
		C79C8CFF25ADDDF300EEE3F1 /* Base */ = {isa = PBXFileReference; lastKnownFileType = file.storyboard; name = Base; path = Base.lproj/LaunchScreen.storyboard; sourceTree = "<group>"; };
		C79C8D0125ADDDF300EEE3F1 /* Info.plist */ = {isa = PBXFileReference; lastKnownFileType = text.plist.xml; path = Info.plist; sourceTree = "<group>"; };
		C79C8D0625ADDDF400EEE3F1 /* WeatherForecastTests.xctest */ = {isa = PBXFileReference; explicitFileType = wrapper.cfbundle; includeInIndex = 0; path = WeatherForecastTests.xctest; sourceTree = BUILT_PRODUCTS_DIR; };
		C79C8D0A25ADDDF400EEE3F1 /* WeatherForecastTests.swift */ = {isa = PBXFileReference; lastKnownFileType = sourcecode.swift; path = WeatherForecastTests.swift; sourceTree = "<group>"; };
		C79C8D0C25ADDDF400EEE3F1 /* Info.plist */ = {isa = PBXFileReference; lastKnownFileType = text.plist.xml; path = Info.plist; sourceTree = "<group>"; };
		C79C8D1125ADDDF400EEE3F1 /* WeatherForecastUITests.xctest */ = {isa = PBXFileReference; explicitFileType = wrapper.cfbundle; includeInIndex = 0; path = WeatherForecastUITests.xctest; sourceTree = BUILT_PRODUCTS_DIR; };
		C79C8D1525ADDDF400EEE3F1 /* WeatherForecastUITests.swift */ = {isa = PBXFileReference; lastKnownFileType = sourcecode.swift; path = WeatherForecastUITests.swift; sourceTree = "<group>"; };
		C79C8D1725ADDDF400EEE3F1 /* Info.plist */ = {isa = PBXFileReference; lastKnownFileType = text.plist.xml; path = Info.plist; sourceTree = "<group>"; };
		C94269228F1037BB51A0EAD3 /* Pods_WeatherForecast_WeatherForecastUITests.framework */ = {isa = PBXFileReference; explicitFileType = wrapper.framework; includeInIndex = 0; path = Pods_WeatherForecast_WeatherForecastUITests.framework; sourceTree = BUILT_PRODUCTS_DIR; };
		D69CCDF38EF6CE5F5256589E /* Pods-WeatherForecast.release.xcconfig */ = {isa = PBXFileReference; includeInIndex = 1; lastKnownFileType = text.xcconfig; name = "Pods-WeatherForecast.release.xcconfig"; path = "Target Support Files/Pods-WeatherForecast/Pods-WeatherForecast.release.xcconfig"; sourceTree = "<group>"; };
		F11FF2EE3F0AD3BA4557112A /* Pods-WeatherForecast.debug.xcconfig */ = {isa = PBXFileReference; includeInIndex = 1; lastKnownFileType = text.xcconfig; name = "Pods-WeatherForecast.debug.xcconfig"; path = "Target Support Files/Pods-WeatherForecast/Pods-WeatherForecast.debug.xcconfig"; sourceTree = "<group>"; };
/* End PBXFileReference section */

/* Begin PBXFrameworksBuildPhase section */
		C79C8CED25ADDDF200EEE3F1 /* Frameworks */ = {
			isa = PBXFrameworksBuildPhase;
			buildActionMask = 2147483647;
			files = (
				B271D495710C5FD38FBA1B73 /* Pods_WeatherForecast.framework in Frameworks */,
			);
			runOnlyForDeploymentPostprocessing = 0;
		};
		C79C8D0325ADDDF400EEE3F1 /* Frameworks */ = {
			isa = PBXFrameworksBuildPhase;
			buildActionMask = 2147483647;
			files = (
				DFF20057ECBA5BCB9966BC7F /* Pods_WeatherForecastTests.framework in Frameworks */,
			);
			runOnlyForDeploymentPostprocessing = 0;
		};
		C79C8D0E25ADDDF400EEE3F1 /* Frameworks */ = {
			isa = PBXFrameworksBuildPhase;
			buildActionMask = 2147483647;
			files = (
				F706AB2A7A9EAC2EBB7CE7F1 /* Pods_WeatherForecast_WeatherForecastUITests.framework in Frameworks */,
			);
			runOnlyForDeploymentPostprocessing = 0;
		};
/* End PBXFrameworksBuildPhase section */

/* Begin PBXGroup section */
		455894B9815F51A567055183 /* Pods */ = {
			isa = PBXGroup;
			children = (
				F11FF2EE3F0AD3BA4557112A /* Pods-WeatherForecast.debug.xcconfig */,
				D69CCDF38EF6CE5F5256589E /* Pods-WeatherForecast.release.xcconfig */,
				7CA7B9E10F212EAA477BD7F7 /* Pods-WeatherForecast-WeatherForecastUITests.debug.xcconfig */,
				4560E074546CCD200171A5CE /* Pods-WeatherForecast-WeatherForecastUITests.release.xcconfig */,
				C684B083391F4F1E1D0E3294 /* Pods-WeatherForecastTests.debug.xcconfig */,
				3CFF2764081192C64F3CF3C8 /* Pods-WeatherForecastTests.release.xcconfig */,
			);
			path = Pods;
			sourceTree = "<group>";
		};
		6B7DA1F8F50E60D881F0592B /* Frameworks */ = {
			isa = PBXGroup;
			children = (
				19CECD4FD4CFB076B2EC840B /* Pods_WeatherForecast.framework */,
				C94269228F1037BB51A0EAD3 /* Pods_WeatherForecast_WeatherForecastUITests.framework */,
				01980B825422C1C8C9009993 /* Pods_WeatherForecastTests.framework */,
			);
			name = Frameworks;
			sourceTree = "<group>";
		};
		740D12312705D30E000B814C /* Model */ = {
			isa = PBXGroup;
			children = (
				740D12342705D332000B814C /* CurrentWeather.swift */,
				740D12362705D94B000B814C /* FiveDaysWeather.swift */,
			);
			path = Model;
			sourceTree = "<group>";
		};
		740D12322705D313000B814C /* View */ = {
			isa = PBXGroup;
			children = (
				C79C8CF925ADDDF200EEE3F1 /* Main.storyboard */,
				74F2009D2714579A00ECDC94 /* WeatherTableViewCell.swift */,
				7467F48A2714668400A0F2A3 /* WeatherHeaderView.swift */,
			);
			path = View;
			sourceTree = "<group>";
		};
		740D12332705D317000B814C /* Controller */ = {
			isa = PBXGroup;
			children = (
				C79C8CF725ADDDF200EEE3F1 /* WeatherViewController.swift */,
			);
			path = Controller;
			sourceTree = "<group>";
		};
		7434B71E271869CB0015C5AB /* Service */ = {
			isa = PBXGroup;
			children = (
				7467F4CE271558F800A0F2A3 /* WeatherService.swift */,
			);
			path = Service;
			sourceTree = "<group>";
		};
		7434B730271AA7540015C5AB /* ImageCache */ = {
			isa = PBXGroup;
			children = (
				7434B72D271AA7430015C5AB /* WeatherImageCache.swift */,
			);
			path = ImageCache;
			sourceTree = "<group>";
		};
		7467F4D627167EE700A0F2A3 /* ViewModel */ = {
			isa = PBXGroup;
			children = (
				7434B727271926020015C5AB /* WeatherTableViewModel.swift */,
			);
			path = ViewModel;
			sourceTree = "<group>";
		};
		893F9AA5270EFF72004D4125 /* CoreLocation */ = {
			isa = PBXGroup;
			children = (
				893F9AA6270EFF86004D4125 /* LocationManager.swift */,
			);
			path = CoreLocation;
			sourceTree = "<group>";
		};
		89970793270B186E006DE539 /* Extension */ = {
			isa = PBXGroup;
			children = (
				89970794270B1887006DE539 /* Extension + URL.swift */,
				749C2E5D2713E03600BD2EEB /* Extension + UIAlertController.swift */,
				7434B729271926960015C5AB /* Extension + String.swift */,
			);
			path = Extension;
			sourceTree = "<group>";
		};
		89970796270B18D9006DE539 /* Protocol */ = {
			isa = PBXGroup;
			children = (
				89970797270B18F5006DE539 /* API.swift */,
				89970799270B18FF006DE539 /* Query.swift */,
				74E70975271BDB6C00DB0881 /* ViewModel.swift */,
			);
			path = Protocol;
			sourceTree = "<group>";
		};
		89E250722705DCF10076778E /* Network */ = {
			isa = PBXGroup;
			children = (
				89E250732705DD080076778E /* NetworkManager.swift */,
				7434B72B27195DEB0015C5AB /* WeatherNetworkManager.swift */,
				740D12382705F305000B814C /* WeatherAPI.swift */,
			);
			path = Network;
			sourceTree = "<group>";
		};
		C79C8CE725ADDDF200EEE3F1 = {
			isa = PBXGroup;
			children = (
				C79C8CF225ADDDF200EEE3F1 /* WeatherForecast */,
				C79C8D0925ADDDF400EEE3F1 /* WeatherForecastTests */,
				C79C8D1425ADDDF400EEE3F1 /* WeatherForecastUITests */,
				C79C8CF125ADDDF200EEE3F1 /* Products */,
				455894B9815F51A567055183 /* Pods */,
				6B7DA1F8F50E60D881F0592B /* Frameworks */,
			);
			sourceTree = "<group>";
		};
		C79C8CF125ADDDF200EEE3F1 /* Products */ = {
			isa = PBXGroup;
			children = (
				C79C8CF025ADDDF200EEE3F1 /* WeatherForecast.app */,
				C79C8D0625ADDDF400EEE3F1 /* WeatherForecastTests.xctest */,
				C79C8D1125ADDDF400EEE3F1 /* WeatherForecastUITests.xctest */,
			);
			name = Products;
			sourceTree = "<group>";
		};
		C79C8CF225ADDDF200EEE3F1 /* WeatherForecast */ = {
			isa = PBXGroup;
			children = (
				7434B730271AA7540015C5AB /* ImageCache */,
				7434B71E271869CB0015C5AB /* Service */,
				893F9AA5270EFF72004D4125 /* CoreLocation */,
				89970796270B18D9006DE539 /* Protocol */,
				89970793270B186E006DE539 /* Extension */,
				89E250722705DCF10076778E /* Network */,
				740D12312705D30E000B814C /* Model */,
				740D12322705D313000B814C /* View */,
				740D12332705D317000B814C /* Controller */,
				7467F4D627167EE700A0F2A3 /* ViewModel */,
				C79C8CF325ADDDF200EEE3F1 /* AppDelegate.swift */,
				C79C8CF525ADDDF200EEE3F1 /* SceneDelegate.swift */,
				C79C8CFC25ADDDF300EEE3F1 /* Assets.xcassets */,
				C79C8CFE25ADDDF300EEE3F1 /* LaunchScreen.storyboard */,
				C79C8D0125ADDDF300EEE3F1 /* Info.plist */,
			);
			path = WeatherForecast;
			sourceTree = "<group>";
		};
		C79C8D0925ADDDF400EEE3F1 /* WeatherForecastTests */ = {
			isa = PBXGroup;
			children = (
				C79C8D0A25ADDDF400EEE3F1 /* WeatherForecastTests.swift */,
				C79C8D0C25ADDDF400EEE3F1 /* Info.plist */,
			);
			path = WeatherForecastTests;
			sourceTree = "<group>";
		};
		C79C8D1425ADDDF400EEE3F1 /* WeatherForecastUITests */ = {
			isa = PBXGroup;
			children = (
				C79C8D1525ADDDF400EEE3F1 /* WeatherForecastUITests.swift */,
				C79C8D1725ADDDF400EEE3F1 /* Info.plist */,
			);
			path = WeatherForecastUITests;
			sourceTree = "<group>";
		};
/* End PBXGroup section */

/* Begin PBXNativeTarget section */
		C79C8CEF25ADDDF200EEE3F1 /* WeatherForecast */ = {
			isa = PBXNativeTarget;
			buildConfigurationList = C79C8D1A25ADDDF400EEE3F1 /* Build configuration list for PBXNativeTarget "WeatherForecast" */;
			buildPhases = (
				C9949FDAAD3BE93431B5C2B5 /* [CP] Check Pods Manifest.lock */,
				C79C8CEC25ADDDF200EEE3F1 /* Sources */,
				C79C8CED25ADDDF200EEE3F1 /* Frameworks */,
				C79C8CEE25ADDDF200EEE3F1 /* Resources */,
				89E250712705CBA80076778E /* ShellScript */,
			);
			buildRules = (
			);
			dependencies = (
			);
			name = WeatherForecast;
			productName = WeatherForecast;
			productReference = C79C8CF025ADDDF200EEE3F1 /* WeatherForecast.app */;
			productType = "com.apple.product-type.application";
		};
		C79C8D0525ADDDF400EEE3F1 /* WeatherForecastTests */ = {
			isa = PBXNativeTarget;
			buildConfigurationList = C79C8D1D25ADDDF400EEE3F1 /* Build configuration list for PBXNativeTarget "WeatherForecastTests" */;
			buildPhases = (
				5F88222A8B32EC10BEA885B0 /* [CP] Check Pods Manifest.lock */,
				C79C8D0225ADDDF400EEE3F1 /* Sources */,
				C79C8D0325ADDDF400EEE3F1 /* Frameworks */,
				C79C8D0425ADDDF400EEE3F1 /* Resources */,
			);
			buildRules = (
			);
			dependencies = (
				C79C8D0825ADDDF400EEE3F1 /* PBXTargetDependency */,
			);
			name = WeatherForecastTests;
			productName = WeatherForecastTests;
			productReference = C79C8D0625ADDDF400EEE3F1 /* WeatherForecastTests.xctest */;
			productType = "com.apple.product-type.bundle.unit-test";
		};
		C79C8D1025ADDDF400EEE3F1 /* WeatherForecastUITests */ = {
			isa = PBXNativeTarget;
			buildConfigurationList = C79C8D2025ADDDF400EEE3F1 /* Build configuration list for PBXNativeTarget "WeatherForecastUITests" */;
			buildPhases = (
				2B61413E429FC0A6408854D7 /* [CP] Check Pods Manifest.lock */,
				C79C8D0D25ADDDF400EEE3F1 /* Sources */,
				C79C8D0E25ADDDF400EEE3F1 /* Frameworks */,
				C79C8D0F25ADDDF400EEE3F1 /* Resources */,
			);
			buildRules = (
			);
			dependencies = (
				C79C8D1325ADDDF400EEE3F1 /* PBXTargetDependency */,
			);
			name = WeatherForecastUITests;
			productName = WeatherForecastUITests;
			productReference = C79C8D1125ADDDF400EEE3F1 /* WeatherForecastUITests.xctest */;
			productType = "com.apple.product-type.bundle.ui-testing";
		};
/* End PBXNativeTarget section */

/* Begin PBXProject section */
		C79C8CE825ADDDF200EEE3F1 /* Project object */ = {
			isa = PBXProject;
			attributes = {
				LastSwiftUpdateCheck = 1230;
				LastUpgradeCheck = 1230;
				TargetAttributes = {
					C79C8CEF25ADDDF200EEE3F1 = {
						CreatedOnToolsVersion = 12.3;
					};
					C79C8D0525ADDDF400EEE3F1 = {
						CreatedOnToolsVersion = 12.3;
						TestTargetID = C79C8CEF25ADDDF200EEE3F1;
					};
					C79C8D1025ADDDF400EEE3F1 = {
						CreatedOnToolsVersion = 12.3;
						TestTargetID = C79C8CEF25ADDDF200EEE3F1;
					};
				};
			};
			buildConfigurationList = C79C8CEB25ADDDF200EEE3F1 /* Build configuration list for PBXProject "WeatherForecast" */;
			compatibilityVersion = "Xcode 9.3";
			developmentRegion = en;
			hasScannedForEncodings = 0;
			knownRegions = (
				en,
				Base,
			);
			mainGroup = C79C8CE725ADDDF200EEE3F1;
			productRefGroup = C79C8CF125ADDDF200EEE3F1 /* Products */;
			projectDirPath = "";
			projectRoot = "";
			targets = (
				C79C8CEF25ADDDF200EEE3F1 /* WeatherForecast */,
				C79C8D0525ADDDF400EEE3F1 /* WeatherForecastTests */,
				C79C8D1025ADDDF400EEE3F1 /* WeatherForecastUITests */,
			);
		};
/* End PBXProject section */

/* Begin PBXResourcesBuildPhase section */
		C79C8CEE25ADDDF200EEE3F1 /* Resources */ = {
			isa = PBXResourcesBuildPhase;
			buildActionMask = 2147483647;
			files = (
				C79C8D0025ADDDF300EEE3F1 /* LaunchScreen.storyboard in Resources */,
				C79C8CFD25ADDDF300EEE3F1 /* Assets.xcassets in Resources */,
				C79C8CFB25ADDDF200EEE3F1 /* Main.storyboard in Resources */,
			);
			runOnlyForDeploymentPostprocessing = 0;
		};
		C79C8D0425ADDDF400EEE3F1 /* Resources */ = {
			isa = PBXResourcesBuildPhase;
			buildActionMask = 2147483647;
			files = (
			);
			runOnlyForDeploymentPostprocessing = 0;
		};
		C79C8D0F25ADDDF400EEE3F1 /* Resources */ = {
			isa = PBXResourcesBuildPhase;
			buildActionMask = 2147483647;
			files = (
			);
			runOnlyForDeploymentPostprocessing = 0;
		};
/* End PBXResourcesBuildPhase section */

/* Begin PBXShellScriptBuildPhase section */
		2B61413E429FC0A6408854D7 /* [CP] Check Pods Manifest.lock */ = {
			isa = PBXShellScriptBuildPhase;
			buildActionMask = 2147483647;
			files = (
			);
			inputFileListPaths = (
			);
			inputPaths = (
				"${PODS_PODFILE_DIR_PATH}/Podfile.lock",
				"${PODS_ROOT}/Manifest.lock",
			);
			name = "[CP] Check Pods Manifest.lock";
			outputFileListPaths = (
			);
			outputPaths = (
				"$(DERIVED_FILE_DIR)/Pods-WeatherForecast-WeatherForecastUITests-checkManifestLockResult.txt",
			);
			runOnlyForDeploymentPostprocessing = 0;
			shellPath = /bin/sh;
			shellScript = "diff \"${PODS_PODFILE_DIR_PATH}/Podfile.lock\" \"${PODS_ROOT}/Manifest.lock\" > /dev/null\nif [ $? != 0 ] ; then\n    # print error to STDERR\n    echo \"error: The sandbox is not in sync with the Podfile.lock. Run 'pod install' or update your CocoaPods installation.\" >&2\n    exit 1\nfi\n# This output is used by Xcode 'outputs' to avoid re-running this script phase.\necho \"SUCCESS\" > \"${SCRIPT_OUTPUT_FILE_0}\"\n";
			showEnvVarsInLog = 0;
		};
		5F88222A8B32EC10BEA885B0 /* [CP] Check Pods Manifest.lock */ = {
			isa = PBXShellScriptBuildPhase;
			buildActionMask = 2147483647;
			files = (
			);
			inputFileListPaths = (
			);
			inputPaths = (
				"${PODS_PODFILE_DIR_PATH}/Podfile.lock",
				"${PODS_ROOT}/Manifest.lock",
			);
			name = "[CP] Check Pods Manifest.lock";
			outputFileListPaths = (
			);
			outputPaths = (
				"$(DERIVED_FILE_DIR)/Pods-WeatherForecastTests-checkManifestLockResult.txt",
			);
			runOnlyForDeploymentPostprocessing = 0;
			shellPath = /bin/sh;
			shellScript = "diff \"${PODS_PODFILE_DIR_PATH}/Podfile.lock\" \"${PODS_ROOT}/Manifest.lock\" > /dev/null\nif [ $? != 0 ] ; then\n    # print error to STDERR\n    echo \"error: The sandbox is not in sync with the Podfile.lock. Run 'pod install' or update your CocoaPods installation.\" >&2\n    exit 1\nfi\n# This output is used by Xcode 'outputs' to avoid re-running this script phase.\necho \"SUCCESS\" > \"${SCRIPT_OUTPUT_FILE_0}\"\n";
			showEnvVarsInLog = 0;
		};
		89E250712705CBA80076778E /* ShellScript */ = {
			isa = PBXShellScriptBuildPhase;
			buildActionMask = 2147483647;
			files = (
			);
			inputFileListPaths = (
			);
			inputPaths = (
			);
			outputFileListPaths = (
			);
			outputPaths = (
			);
			runOnlyForDeploymentPostprocessing = 0;
			shellPath = /bin/sh;
			shellScript = "${PODS_ROOT}/SwiftLint/swiftlint\n";
		};
		C9949FDAAD3BE93431B5C2B5 /* [CP] Check Pods Manifest.lock */ = {
			isa = PBXShellScriptBuildPhase;
			buildActionMask = 2147483647;
			files = (
			);
			inputFileListPaths = (
			);
			inputPaths = (
				"${PODS_PODFILE_DIR_PATH}/Podfile.lock",
				"${PODS_ROOT}/Manifest.lock",
			);
			name = "[CP] Check Pods Manifest.lock";
			outputFileListPaths = (
			);
			outputPaths = (
				"$(DERIVED_FILE_DIR)/Pods-WeatherForecast-checkManifestLockResult.txt",
			);
			runOnlyForDeploymentPostprocessing = 0;
			shellPath = /bin/sh;
			shellScript = "diff \"${PODS_PODFILE_DIR_PATH}/Podfile.lock\" \"${PODS_ROOT}/Manifest.lock\" > /dev/null\nif [ $? != 0 ] ; then\n    # print error to STDERR\n    echo \"error: The sandbox is not in sync with the Podfile.lock. Run 'pod install' or update your CocoaPods installation.\" >&2\n    exit 1\nfi\n# This output is used by Xcode 'outputs' to avoid re-running this script phase.\necho \"SUCCESS\" > \"${SCRIPT_OUTPUT_FILE_0}\"\n";
			showEnvVarsInLog = 0;
		};
/* End PBXShellScriptBuildPhase section */

/* Begin PBXSourcesBuildPhase section */
		C79C8CEC25ADDDF200EEE3F1 /* Sources */ = {
			isa = PBXSourcesBuildPhase;
			buildActionMask = 2147483647;
			files = (
				8997079A270B18FF006DE539 /* Query.swift in Sources */,
				7434B728271926020015C5AB /* WeatherTableViewModel.swift in Sources */,
				7434B72A271926960015C5AB /* Extension + String.swift in Sources */,
				89E250742705DD080076778E /* NetworkManager.swift in Sources */,
				7467F48B2714668400A0F2A3 /* WeatherHeaderView.swift in Sources */,
				74E70976271BDB6C00DB0881 /* ViewModel.swift in Sources */,
				7434B72E271AA7430015C5AB /* WeatherImageCache.swift in Sources */,
				740D12372705D94B000B814C /* FiveDaysWeather.swift in Sources */,
				7434B72C27195DEB0015C5AB /* WeatherNetworkManager.swift in Sources */,
				893F9AA7270EFF86004D4125 /* LocationManager.swift in Sources */,
				749C2E5E2713E03600BD2EEB /* Extension + UIAlertController.swift in Sources */,
				C79C8CF825ADDDF200EEE3F1 /* WeatherViewController.swift in Sources */,
				89970795270B1887006DE539 /* Extension + URL.swift in Sources */,
				C79C8CF425ADDDF200EEE3F1 /* AppDelegate.swift in Sources */,
				740D12392705F305000B814C /* WeatherAPI.swift in Sources */,
				740D12352705D332000B814C /* CurrentWeather.swift in Sources */,
				89970798270B18F5006DE539 /* API.swift in Sources */,
				7467F4CF271558F800A0F2A3 /* WeatherService.swift in Sources */,
				74F2009E2714579A00ECDC94 /* WeatherTableViewCell.swift in Sources */,
				C79C8CF625ADDDF200EEE3F1 /* SceneDelegate.swift in Sources */,
			);
			runOnlyForDeploymentPostprocessing = 0;
		};
		C79C8D0225ADDDF400EEE3F1 /* Sources */ = {
			isa = PBXSourcesBuildPhase;
			buildActionMask = 2147483647;
			files = (
				C79C8D0B25ADDDF400EEE3F1 /* WeatherForecastTests.swift in Sources */,
			);
			runOnlyForDeploymentPostprocessing = 0;
		};
		C79C8D0D25ADDDF400EEE3F1 /* Sources */ = {
			isa = PBXSourcesBuildPhase;
			buildActionMask = 2147483647;
			files = (
				C79C8D1625ADDDF400EEE3F1 /* WeatherForecastUITests.swift in Sources */,
			);
			runOnlyForDeploymentPostprocessing = 0;
		};
/* End PBXSourcesBuildPhase section */

/* Begin PBXTargetDependency section */
		C79C8D0825ADDDF400EEE3F1 /* PBXTargetDependency */ = {
			isa = PBXTargetDependency;
			target = C79C8CEF25ADDDF200EEE3F1 /* WeatherForecast */;
			targetProxy = C79C8D0725ADDDF400EEE3F1 /* PBXContainerItemProxy */;
		};
		C79C8D1325ADDDF400EEE3F1 /* PBXTargetDependency */ = {
			isa = PBXTargetDependency;
			target = C79C8CEF25ADDDF200EEE3F1 /* WeatherForecast */;
			targetProxy = C79C8D1225ADDDF400EEE3F1 /* PBXContainerItemProxy */;
		};
/* End PBXTargetDependency section */

/* Begin PBXVariantGroup section */
		C79C8CF925ADDDF200EEE3F1 /* Main.storyboard */ = {
			isa = PBXVariantGroup;
			children = (
				C79C8CFA25ADDDF200EEE3F1 /* Base */,
			);
			name = Main.storyboard;
			sourceTree = "<group>";
		};
		C79C8CFE25ADDDF300EEE3F1 /* LaunchScreen.storyboard */ = {
			isa = PBXVariantGroup;
			children = (
				C79C8CFF25ADDDF300EEE3F1 /* Base */,
			);
			name = LaunchScreen.storyboard;
			sourceTree = "<group>";
		};
/* End PBXVariantGroup section */

/* Begin XCBuildConfiguration section */
		C79C8D1825ADDDF400EEE3F1 /* Debug */ = {
			isa = XCBuildConfiguration;
			buildSettings = {
				ALWAYS_SEARCH_USER_PATHS = NO;
				CLANG_ANALYZER_NONNULL = YES;
				CLANG_ANALYZER_NUMBER_OBJECT_CONVERSION = YES_AGGRESSIVE;
				CLANG_CXX_LANGUAGE_STANDARD = "gnu++14";
				CLANG_CXX_LIBRARY = "libc++";
				CLANG_ENABLE_MODULES = YES;
				CLANG_ENABLE_OBJC_ARC = YES;
				CLANG_ENABLE_OBJC_WEAK = YES;
				CLANG_WARN_BLOCK_CAPTURE_AUTORELEASING = YES;
				CLANG_WARN_BOOL_CONVERSION = YES;
				CLANG_WARN_COMMA = YES;
				CLANG_WARN_CONSTANT_CONVERSION = YES;
				CLANG_WARN_DEPRECATED_OBJC_IMPLEMENTATIONS = YES;
				CLANG_WARN_DIRECT_OBJC_ISA_USAGE = YES_ERROR;
				CLANG_WARN_DOCUMENTATION_COMMENTS = YES;
				CLANG_WARN_EMPTY_BODY = YES;
				CLANG_WARN_ENUM_CONVERSION = YES;
				CLANG_WARN_INFINITE_RECURSION = YES;
				CLANG_WARN_INT_CONVERSION = YES;
				CLANG_WARN_NON_LITERAL_NULL_CONVERSION = YES;
				CLANG_WARN_OBJC_IMPLICIT_RETAIN_SELF = YES;
				CLANG_WARN_OBJC_LITERAL_CONVERSION = YES;
				CLANG_WARN_OBJC_ROOT_CLASS = YES_ERROR;
				CLANG_WARN_QUOTED_INCLUDE_IN_FRAMEWORK_HEADER = YES;
				CLANG_WARN_RANGE_LOOP_ANALYSIS = YES;
				CLANG_WARN_STRICT_PROTOTYPES = YES;
				CLANG_WARN_SUSPICIOUS_MOVE = YES;
				CLANG_WARN_UNGUARDED_AVAILABILITY = YES_AGGRESSIVE;
				CLANG_WARN_UNREACHABLE_CODE = YES;
				CLANG_WARN__DUPLICATE_METHOD_MATCH = YES;
				COPY_PHASE_STRIP = NO;
				DEBUG_INFORMATION_FORMAT = dwarf;
				ENABLE_STRICT_OBJC_MSGSEND = YES;
				ENABLE_TESTABILITY = YES;
				GCC_C_LANGUAGE_STANDARD = gnu11;
				GCC_DYNAMIC_NO_PIC = NO;
				GCC_NO_COMMON_BLOCKS = YES;
				GCC_OPTIMIZATION_LEVEL = 0;
				GCC_PREPROCESSOR_DEFINITIONS = (
					"DEBUG=1",
					"$(inherited)",
				);
				GCC_WARN_64_TO_32_BIT_CONVERSION = YES;
				GCC_WARN_ABOUT_RETURN_TYPE = YES_ERROR;
				GCC_WARN_UNDECLARED_SELECTOR = YES;
				GCC_WARN_UNINITIALIZED_AUTOS = YES_AGGRESSIVE;
				GCC_WARN_UNUSED_FUNCTION = YES;
				GCC_WARN_UNUSED_VARIABLE = YES;
				IPHONEOS_DEPLOYMENT_TARGET = 12.0;
				MTL_ENABLE_DEBUG_INFO = INCLUDE_SOURCE;
				MTL_FAST_MATH = YES;
				ONLY_ACTIVE_ARCH = YES;
				SDKROOT = iphoneos;
				SWIFT_ACTIVE_COMPILATION_CONDITIONS = DEBUG;
				SWIFT_OPTIMIZATION_LEVEL = "-Onone";
			};
			name = Debug;
		};
		C79C8D1925ADDDF400EEE3F1 /* Release */ = {
			isa = XCBuildConfiguration;
			buildSettings = {
				ALWAYS_SEARCH_USER_PATHS = NO;
				CLANG_ANALYZER_NONNULL = YES;
				CLANG_ANALYZER_NUMBER_OBJECT_CONVERSION = YES_AGGRESSIVE;
				CLANG_CXX_LANGUAGE_STANDARD = "gnu++14";
				CLANG_CXX_LIBRARY = "libc++";
				CLANG_ENABLE_MODULES = YES;
				CLANG_ENABLE_OBJC_ARC = YES;
				CLANG_ENABLE_OBJC_WEAK = YES;
				CLANG_WARN_BLOCK_CAPTURE_AUTORELEASING = YES;
				CLANG_WARN_BOOL_CONVERSION = YES;
				CLANG_WARN_COMMA = YES;
				CLANG_WARN_CONSTANT_CONVERSION = YES;
				CLANG_WARN_DEPRECATED_OBJC_IMPLEMENTATIONS = YES;
				CLANG_WARN_DIRECT_OBJC_ISA_USAGE = YES_ERROR;
				CLANG_WARN_DOCUMENTATION_COMMENTS = YES;
				CLANG_WARN_EMPTY_BODY = YES;
				CLANG_WARN_ENUM_CONVERSION = YES;
				CLANG_WARN_INFINITE_RECURSION = YES;
				CLANG_WARN_INT_CONVERSION = YES;
				CLANG_WARN_NON_LITERAL_NULL_CONVERSION = YES;
				CLANG_WARN_OBJC_IMPLICIT_RETAIN_SELF = YES;
				CLANG_WARN_OBJC_LITERAL_CONVERSION = YES;
				CLANG_WARN_OBJC_ROOT_CLASS = YES_ERROR;
				CLANG_WARN_QUOTED_INCLUDE_IN_FRAMEWORK_HEADER = YES;
				CLANG_WARN_RANGE_LOOP_ANALYSIS = YES;
				CLANG_WARN_STRICT_PROTOTYPES = YES;
				CLANG_WARN_SUSPICIOUS_MOVE = YES;
				CLANG_WARN_UNGUARDED_AVAILABILITY = YES_AGGRESSIVE;
				CLANG_WARN_UNREACHABLE_CODE = YES;
				CLANG_WARN__DUPLICATE_METHOD_MATCH = YES;
				COPY_PHASE_STRIP = NO;
				DEBUG_INFORMATION_FORMAT = "dwarf-with-dsym";
				ENABLE_NS_ASSERTIONS = NO;
				ENABLE_STRICT_OBJC_MSGSEND = YES;
				GCC_C_LANGUAGE_STANDARD = gnu11;
				GCC_NO_COMMON_BLOCKS = YES;
				GCC_WARN_64_TO_32_BIT_CONVERSION = YES;
				GCC_WARN_ABOUT_RETURN_TYPE = YES_ERROR;
				GCC_WARN_UNDECLARED_SELECTOR = YES;
				GCC_WARN_UNINITIALIZED_AUTOS = YES_AGGRESSIVE;
				GCC_WARN_UNUSED_FUNCTION = YES;
				GCC_WARN_UNUSED_VARIABLE = YES;
				IPHONEOS_DEPLOYMENT_TARGET = 12.0;
				MTL_ENABLE_DEBUG_INFO = NO;
				MTL_FAST_MATH = YES;
				SDKROOT = iphoneos;
				SWIFT_COMPILATION_MODE = wholemodule;
				SWIFT_OPTIMIZATION_LEVEL = "-O";
				VALIDATE_PRODUCT = YES;
			};
			name = Release;
		};
		C79C8D1B25ADDDF400EEE3F1 /* Debug */ = {
			isa = XCBuildConfiguration;
			baseConfigurationReference = F11FF2EE3F0AD3BA4557112A /* Pods-WeatherForecast.debug.xcconfig */;
			buildSettings = {
				ASSETCATALOG_COMPILER_APPICON_NAME = AppIcon;
				ASSETCATALOG_COMPILER_GLOBAL_ACCENT_COLOR_NAME = AccentColor;
				CODE_SIGN_STYLE = Automatic;
				INFOPLIST_FILE = WeatherForecast/Info.plist;
				IPHONEOS_DEPLOYMENT_TARGET = 13.2;
				LD_RUNPATH_SEARCH_PATHS = (
					"$(inherited)",
					"@executable_path/Frameworks",
				);
				PRODUCT_BUNDLE_IDENTIFIER = net.yagom.WeatherForecast;
				PRODUCT_NAME = "$(TARGET_NAME)";
				SWIFT_VERSION = 5.0;
				TARGETED_DEVICE_FAMILY = "1,2";
			};
			name = Debug;
		};
		C79C8D1C25ADDDF400EEE3F1 /* Release */ = {
			isa = XCBuildConfiguration;
			baseConfigurationReference = D69CCDF38EF6CE5F5256589E /* Pods-WeatherForecast.release.xcconfig */;
			buildSettings = {
				ASSETCATALOG_COMPILER_APPICON_NAME = AppIcon;
				ASSETCATALOG_COMPILER_GLOBAL_ACCENT_COLOR_NAME = AccentColor;
				CODE_SIGN_STYLE = Automatic;
				INFOPLIST_FILE = WeatherForecast/Info.plist;
				IPHONEOS_DEPLOYMENT_TARGET = 13.2;
				LD_RUNPATH_SEARCH_PATHS = (
					"$(inherited)",
					"@executable_path/Frameworks",
				);
				PRODUCT_BUNDLE_IDENTIFIER = net.yagom.WeatherForecast;
				PRODUCT_NAME = "$(TARGET_NAME)";
				SWIFT_VERSION = 5.0;
				TARGETED_DEVICE_FAMILY = "1,2";
			};
			name = Release;
		};
		C79C8D1E25ADDDF400EEE3F1 /* Debug */ = {
			isa = XCBuildConfiguration;
			baseConfigurationReference = C684B083391F4F1E1D0E3294 /* Pods-WeatherForecastTests.debug.xcconfig */;
			buildSettings = {
				ALWAYS_EMBED_SWIFT_STANDARD_LIBRARIES = YES;
				BUNDLE_LOADER = "$(TEST_HOST)";
				CODE_SIGN_STYLE = Automatic;
				INFOPLIST_FILE = WeatherForecastTests/Info.plist;
				IPHONEOS_DEPLOYMENT_TARGET = 14.3;
				LD_RUNPATH_SEARCH_PATHS = (
					"$(inherited)",
					"@executable_path/Frameworks",
					"@loader_path/Frameworks",
				);
				PRODUCT_BUNDLE_IDENTIFIER = net.yagom.WeatherForecastTests;
				PRODUCT_NAME = "$(TARGET_NAME)";
				SWIFT_VERSION = 5.0;
				TARGETED_DEVICE_FAMILY = "1,2";
				TEST_HOST = "$(BUILT_PRODUCTS_DIR)/WeatherForecast.app/WeatherForecast";
			};
			name = Debug;
		};
		C79C8D1F25ADDDF400EEE3F1 /* Release */ = {
			isa = XCBuildConfiguration;
			baseConfigurationReference = 3CFF2764081192C64F3CF3C8 /* Pods-WeatherForecastTests.release.xcconfig */;
			buildSettings = {
				ALWAYS_EMBED_SWIFT_STANDARD_LIBRARIES = YES;
				BUNDLE_LOADER = "$(TEST_HOST)";
				CODE_SIGN_STYLE = Automatic;
				INFOPLIST_FILE = WeatherForecastTests/Info.plist;
				IPHONEOS_DEPLOYMENT_TARGET = 14.3;
				LD_RUNPATH_SEARCH_PATHS = (
					"$(inherited)",
					"@executable_path/Frameworks",
					"@loader_path/Frameworks",
				);
				PRODUCT_BUNDLE_IDENTIFIER = net.yagom.WeatherForecastTests;
				PRODUCT_NAME = "$(TARGET_NAME)";
				SWIFT_VERSION = 5.0;
				TARGETED_DEVICE_FAMILY = "1,2";
				TEST_HOST = "$(BUILT_PRODUCTS_DIR)/WeatherForecast.app/WeatherForecast";
			};
			name = Release;
		};
		C79C8D2125ADDDF400EEE3F1 /* Debug */ = {
			isa = XCBuildConfiguration;
			baseConfigurationReference = 7CA7B9E10F212EAA477BD7F7 /* Pods-WeatherForecast-WeatherForecastUITests.debug.xcconfig */;
			buildSettings = {
				ALWAYS_EMBED_SWIFT_STANDARD_LIBRARIES = YES;
				CODE_SIGN_STYLE = Automatic;
				INFOPLIST_FILE = WeatherForecastUITests/Info.plist;
				LD_RUNPATH_SEARCH_PATHS = (
					"$(inherited)",
					"@executable_path/Frameworks",
					"@loader_path/Frameworks",
				);
				PRODUCT_BUNDLE_IDENTIFIER = net.yagom.WeatherForecastUITests;
				PRODUCT_NAME = "$(TARGET_NAME)";
				SWIFT_VERSION = 5.0;
				TARGETED_DEVICE_FAMILY = "1,2";
				TEST_TARGET_NAME = WeatherForecast;
			};
			name = Debug;
		};
		C79C8D2225ADDDF400EEE3F1 /* Release */ = {
			isa = XCBuildConfiguration;
			baseConfigurationReference = 4560E074546CCD200171A5CE /* Pods-WeatherForecast-WeatherForecastUITests.release.xcconfig */;
			buildSettings = {
				ALWAYS_EMBED_SWIFT_STANDARD_LIBRARIES = YES;
				CODE_SIGN_STYLE = Automatic;
				INFOPLIST_FILE = WeatherForecastUITests/Info.plist;
				LD_RUNPATH_SEARCH_PATHS = (
					"$(inherited)",
					"@executable_path/Frameworks",
					"@loader_path/Frameworks",
				);
				PRODUCT_BUNDLE_IDENTIFIER = net.yagom.WeatherForecastUITests;
				PRODUCT_NAME = "$(TARGET_NAME)";
				SWIFT_VERSION = 5.0;
				TARGETED_DEVICE_FAMILY = "1,2";
				TEST_TARGET_NAME = WeatherForecast;
			};
			name = Release;
		};
/* End XCBuildConfiguration section */

/* Begin XCConfigurationList section */
		C79C8CEB25ADDDF200EEE3F1 /* Build configuration list for PBXProject "WeatherForecast" */ = {
			isa = XCConfigurationList;
			buildConfigurations = (
				C79C8D1825ADDDF400EEE3F1 /* Debug */,
				C79C8D1925ADDDF400EEE3F1 /* Release */,
			);
			defaultConfigurationIsVisible = 0;
			defaultConfigurationName = Release;
		};
		C79C8D1A25ADDDF400EEE3F1 /* Build configuration list for PBXNativeTarget "WeatherForecast" */ = {
			isa = XCConfigurationList;
			buildConfigurations = (
				C79C8D1B25ADDDF400EEE3F1 /* Debug */,
				C79C8D1C25ADDDF400EEE3F1 /* Release */,
			);
			defaultConfigurationIsVisible = 0;
			defaultConfigurationName = Release;
		};
		C79C8D1D25ADDDF400EEE3F1 /* Build configuration list for PBXNativeTarget "WeatherForecastTests" */ = {
			isa = XCConfigurationList;
			buildConfigurations = (
				C79C8D1E25ADDDF400EEE3F1 /* Debug */,
				C79C8D1F25ADDDF400EEE3F1 /* Release */,
			);
			defaultConfigurationIsVisible = 0;
			defaultConfigurationName = Release;
		};
		C79C8D2025ADDDF400EEE3F1 /* Build configuration list for PBXNativeTarget "WeatherForecastUITests" */ = {
			isa = XCConfigurationList;
			buildConfigurations = (
				C79C8D2125ADDDF400EEE3F1 /* Debug */,
				C79C8D2225ADDDF400EEE3F1 /* Release */,
			);
			defaultConfigurationIsVisible = 0;
			defaultConfigurationName = Release;
		};
/* End XCConfigurationList section */
	};
	rootObject = C79C8CE825ADDDF200EEE3F1 /* Project object */;
}
